
Microsoft Visual Studio Solution File, Format Version 12.00
# Visual Studio 15
VisualStudioVersion = 15.0.26730.12
MinimumVisualStudioVersion = 10.0.40219.1
Project("{FAE04EC0-301F-11D3-BF4B-00C04F79EFBC}") = "AGL.Repository", "AGL.Repository\AGL.Repository.csproj", "{AC9AE3D1-FAC5-4444-8542-D94942C7CC9F}"
EndProject
Project("{FAE04EC0-301F-11D3-BF4B-00C04F79EFBC}") = "AGL.Entities", "AGL.Entities\AGL.Entities.csproj", "{7EF5555A-3FEC-4A23-86B9-9C7982938157}"
EndProject
Project("{FAE04EC0-301F-11D3-BF4B-00C04F79EFBC}") = "AGL.Application", "AGL.Application\AGL.Application.csproj", "{1B362E31-11E5-435A-98DB-9A5C871A6899}"
EndProject
Project("{FAE04EC0-301F-11D3-BF4B-00C04F79EFBC}") = "AGL", "AGL\AGL.csproj", "{43BF13D6-E0CC-4152-886D-3F5BB0DF6113}"
EndProject
Project("{2150E333-8FDC-42A3-9474-1A3956D46DE8}") = "src", "src", "{6CBADF2F-1CD4-48B7-9C16-9A70F8A3EDD8}"
EndProject
Project("{2150E333-8FDC-42A3-9474-1A3956D46DE8}") = "00-EntityLayer", "00-EntityLayer", "{9979C4A2-3F79-475A-9555-4EDF473FC0A4}"
EndProject
Project("{2150E333-8FDC-42A3-9474-1A3956D46DE8}") = "05-RepositoryLayer", "05-RepositoryLayer", "{A30400D6-7695-467D-A9CF-4679E75005BF}"
EndProject
Project("{2150E333-8FDC-42A3-9474-1A3956D46DE8}") = "10-BusinessLogicLayer", "10-BusinessLogicLayer", "{D8B9B154-5A2C-4D35-89EA-450247EB91D1}"
EndProject
Project("{2150E333-8FDC-42A3-9474-1A3956D46DE8}") = "15-Application", "15-Application", "{E70CFC3A-1745-4122-9E88-E19C12B02AA1}"
EndProject
Project("{2150E333-8FDC-42A3-9474-1A3956D46DE8}") = "tests", "tests", "{0AE0CEC1-5F66-4716-93C6-9BDF78CB2EE8}"
EndProject
Project("{FAE04EC0-301F-11D3-BF4B-00C04F79EFBC}") = "AGL.UnitTests", "AGL.UnitTests\AGL.UnitTests.csproj", "{C3408588-2065-47C8-B20C-B30201E46602}"
EndProject
Global
	GlobalSection(SolutionConfigurationPlatforms) = preSolution
		Debug|Any CPU = Debug|Any CPU
		Release|Any CPU = Release|Any CPU
	EndGlobalSection
	GlobalSection(ProjectConfigurationPlatforms) = postSolution
		{AC9AE3D1-FAC5-4444-8542-D94942C7CC9F}.Debug|Any CPU.ActiveCfg = Debug|Any CPU
		{AC9AE3D1-FAC5-4444-8542-D94942C7CC9F}.Debug|Any CPU.Build.0 = Debug|Any CPU
		{AC9AE3D1-FAC5-4444-8542-D94942C7CC9F}.Release|Any CPU.ActiveCfg = Release|Any CPU
		{AC9AE3D1-FAC5-4444-8542-D94942C7CC9F}.Release|Any CPU.Build.0 = Release|Any CPU
		{7EF5555A-3FEC-4A23-86B9-9C7982938157}.Debug|Any CPU.ActiveCfg = Debug|Any CPU
		{7EF5555A-3FEC-4A23-86B9-9C7982938157}.Debug|Any CPU.Build.0 = Debug|Any CPU
		{7EF5555A-3FEC-4A23-86B9-9C7982938157}.Release|Any CPU.ActiveCfg = Release|Any CPU
		{7EF5555A-3FEC-4A23-86B9-9C7982938157}.Release|Any CPU.Build.0 = Release|Any CPU
		{1B362E31-11E5-435A-98DB-9A5C871A6899}.Debug|Any CPU.ActiveCfg = Debug|Any CPU
		{1B362E31-11E5-435A-98DB-9A5C871A6899}.Debug|Any CPU.Build.0 = Debug|Any CPU
		{1B362E31-11E5-435A-98DB-9A5C871A6899}.Release|Any CPU.ActiveCfg = Release|Any CPU
		{1B362E31-11E5-435A-98DB-9A5C871A6899}.Release|Any CPU.Build.0 = Release|Any CPU
		{43BF13D6-E0CC-4152-886D-3F5BB0DF6113}.Debug|Any CPU.ActiveCfg = Debug|Any CPU
		{43BF13D6-E0CC-4152-886D-3F5BB0DF6113}.Debug|Any CPU.Build.0 = Debug|Any CPU
		{43BF13D6-E0CC-4152-886D-3F5BB0DF6113}.Release|Any CPU.ActiveCfg = Release|Any CPU
		{43BF13D6-E0CC-4152-886D-3F5BB0DF6113}.Release|Any CPU.Build.0 = Release|Any CPU
		{C3408588-2065-47C8-B20C-B30201E46602}.Debug|Any CPU.ActiveCfg = Debug|Any CPU
		{C3408588-2065-47C8-B20C-B30201E46602}.Debug|Any CPU.Build.0 = Debug|Any CPU
		{C3408588-2065-47C8-B20C-B30201E46602}.Release|Any CPU.ActiveCfg = Release|Any CPU
		{C3408588-2065-47C8-B20C-B30201E46602}.Release|Any CPU.Build.0 = Release|Any CPU
	EndGlobalSection
	GlobalSection(SolutionProperties) = preSolution
		HideSolutionNode = FALSE
	EndGlobalSection
	GlobalSection(NestedProjects) = preSolution
		{AC9AE3D1-FAC5-4444-8542-D94942C7CC9F} = {A30400D6-7695-467D-A9CF-4679E75005BF}
		{7EF5555A-3FEC-4A23-86B9-9C7982938157} = {9979C4A2-3F79-475A-9555-4EDF473FC0A4}
		{1B362E31-11E5-435A-98DB-9A5C871A6899} = {D8B9B154-5A2C-4D35-89EA-450247EB91D1}
		{43BF13D6-E0CC-4152-886D-3F5BB0DF6113} = {E70CFC3A-1745-4122-9E88-E19C12B02AA1}
		{9979C4A2-3F79-475A-9555-4EDF473FC0A4} = {6CBADF2F-1CD4-48B7-9C16-9A70F8A3EDD8}
		{A30400D6-7695-467D-A9CF-4679E75005BF} = {6CBADF2F-1CD4-48B7-9C16-9A70F8A3EDD8}
		{D8B9B154-5A2C-4D35-89EA-450247EB91D1} = {6CBADF2F-1CD4-48B7-9C16-9A70F8A3EDD8}
		{E70CFC3A-1745-4122-9E88-E19C12B02AA1} = {6CBADF2F-1CD4-48B7-9C16-9A70F8A3EDD8}
		{C3408588-2065-47C8-B20C-B30201E46602} = {0AE0CEC1-5F66-4716-93C6-9BDF78CB2EE8}
	EndGlobalSection
	GlobalSection(ExtensibilityGlobals) = postSolution
		SolutionGuid = {FC25B7BC-8D21-420F-9CCC-480D660A028C}
	EndGlobalSection
EndGlobal
